lockfileVersion: '9.0'

settings:
  autoInstallPeers: true
  excludeLinksFromLockfile: false

importers:

  .:
    dependencies:
      ai:
        specifier: ^4.1.42
        version: 4.1.42(react@19.0.0)(zod@3.24.2)
      ollama-ai-provider:
        specifier: ^1.2.0
        version: 1.2.0(zod@3.24.2)
    devDependencies:
      '@types/node':
        specifier: ^22.13.4
        version: 22.13.4
      typescript:
        specifier: ^5.7.3
        version: 5.7.3

packages:

  '@ai-sdk/provider-utils@2.1.9':
    resolution: {integrity: sha512-NerKjTuuUUs6glJGaentaXEBH52jRM0pR+cRCzc7aWke/K5jYBD6Frv1JYBpcxS7gnnCqSQZR9woiyS+6jrdjw==}
    engines: {node: '>=18'}
    peerDependencies:
      zod: ^3.0.0
    peerDependenciesMeta:
      zod:
        optional: true

  '@ai-sdk/provider@1.0.8':
    resolution: {integrity: sha512-f9jSYwKMdXvm44Dmab1vUBnfCDSFfI5rOtvV1W9oKB7WYHR5dGvCC6x68Mk3NUfrdmNoMVHGoh6JT9HCVMlMow==}
    engines: {node: '>=18'}

  '@ai-sdk/react@1.1.17':
    resolution: {integrity: sha512-NAuEflFvjw1uh1AOmpyi7rBF4xasWsiWUb86JQ8ScjDGxoGDYEdBnaHOxUpooLna0dGNbSPkvDMnVRhoLKoxPQ==}
    engines: {node: '>=18'}
    peerDependencies:
      react: ^18 || ^19 || ^19.0.0-rc
      zod: ^3.0.0
    peerDependenciesMeta:
      react:
        optional: true
      zod:
        optional: true

  '@ai-sdk/ui-utils@1.1.15':
    resolution: {integrity: sha512-NsV/3CMmjc4m53snzRdtZM6teTQUXIKi8u0Kf7GBruSzaMSuZ4DWaAAlUshhR3p2FpZgtsogW+vYG1/rXsGu+Q==}
    engines: {node: '>=18'}
    peerDependencies:
      zod: ^3.0.0
    peerDependenciesMeta:
      zod:
        optional: true

  '@opentelemetry/api@1.9.0':
    resolution: {integrity: sha512-3giAOQvZiH5F9bMlMiv8+GSPMeqg0dbaeo58/0SlA9sxSqZhnUtxzX9/2FzyhS9sWQf5S0GJE0AKBrFqjpeYcg==}
    engines: {node: '>=8.0.0'}

  '@types/diff-match-patch@1.0.36':
    resolution: {integrity: sha512-xFdR6tkm0MWvBfO8xXCSsinYxHcqkQUlcHeSpMC2ukzOb6lwQAfDmW+Qt0AvlGd8HpsS28qKsB+oPeJn9I39jg==}

  '@types/node@22.13.4':
    resolution: {integrity: sha512-ywP2X0DYtX3y08eFVx5fNIw7/uIv8hYUKgXoK8oayJlLnKcRfEYCxWMVE1XagUdVtCJlZT1AU4LXEABW+L1Peg==}

  ai@4.1.42:
    resolution: {integrity: sha512-frwlnev2ur3pMjGcPamgyVyr4pXbhabt3VUyZrILM9V1gC7jcG1+BP3Vjp54Im0szSZCADHoebtvA7zXTYiEHw==}
    engines: {node: '>=18'}
    peerDependencies:
      react: ^18 || ^19 || ^19.0.0-rc
      zod: ^3.0.0
    peerDependenciesMeta:
      react:
        optional: true
      zod:
        optional: true

  chalk@5.4.1:
    resolution: {integrity: sha512-zgVZuo2WcZgfUEmsn6eO3kINexW8RAE4maiQ8QNs8CtpPCSyMiYsULR3HQYkm3w8FIA3SberyMJMSldGsW+U3w==}
    engines: {node: ^12.17.0 || ^14.13 || >=16.0.0}

  dequal@2.0.3:
    resolution: {integrity: sha512-0je+qPKHEMohvfRTCEo3CrPG6cAzAYgmzKyxRiYSSDkS6eGJdyVJm7WaYA5ECaAD9wLB2T4EEeymA5aFVcYXCA==}
    engines: {node: '>=6'}

  diff-match-patch@1.0.5:
    resolution: {integrity: sha512-IayShXAgj/QMXgB0IWmKx+rOPuGMhqm5w6jvFxmVenXKIzRqTAAsbBPT3kWQeGANj3jGgvcvv4yK6SxqYmikgw==}

  eventsource-parser@3.0.0:
    resolution: {integrity: sha512-T1C0XCUimhxVQzW4zFipdx0SficT651NnkR0ZSH3yQwh+mFMdLfgjABVi4YtMTtaL4s168593DaoaRLMqryavA==}
    engines: {node: '>=18.0.0'}

  json-schema@0.4.0:
    resolution: {integrity: sha512-es94M3nTIfsEPisRafak+HDLfHXnKBhV3vU5eqPcS3flIWqcxJWgXHXiey3YrpaNsanY5ei1VoYEbOzijuq9BA==}

  jsondiffpatch@0.6.0:
    resolution: {integrity: sha512-3QItJOXp2AP1uv7waBkao5nCvhEv+QmJAd38Ybq7wNI74Q+BBmnLn4EDKz6yI9xGAIQoUF87qHt+kc1IVxB4zQ==}
    engines: {node: ^18.0.0 || >=20.0.0}
    hasBin: true

  nanoid@3.3.8:
    resolution: {integrity: sha512-WNLf5Sd8oZxOm+TzppcYk8gVOgP+l58xNy58D0nbUnOxOWRWvlcCV4kUF7ltmI6PsrLl/BgKEyS4mqsGChFN0w==}
    engines: {node: ^10 || ^12 || ^13.7 || ^14 || >=15.0.1}
    hasBin: true

  ollama-ai-provider@1.2.0:
    resolution: {integrity: sha512-jTNFruwe3O/ruJeppI/quoOUxG7NA6blG3ZyQj3lei4+NnJo7bi3eIRWqlVpRlu/mbzbFXeJSBuYQWF6pzGKww==}
    engines: {node: '>=18'}
    peerDependencies:
      zod: ^3.0.0
    peerDependenciesMeta:
      zod:
        optional: true

  partial-json@0.1.7:
    resolution: {integrity: sha512-Njv/59hHaokb/hRUjce3Hdv12wd60MtM9Z5Olmn+nehe0QDAsRtRbJPvJ0Z91TusF0SuZRIvnM+S4l6EIP8leA==}

  react@19.0.0:
    resolution: {integrity: sha512-V8AVnmPIICiWpGfm6GLzCR/W5FXLchHop40W4nXBmdlEceh16rCN8O8LNWm5bh5XUX91fh7KpA+W0TgMKmgTpQ==}
    engines: {node: '>=0.10.0'}

  secure-json-parse@2.7.0:
    resolution: {integrity: sha512-6aU+Rwsezw7VR8/nyvKTx8QpWH9FrcYiXXlqC4z5d5XQBDRqtbfsRjnwGyqbi3gddNtWHuEk9OANUotL26qKUw==}

  swr@2.3.2:
    resolution: {integrity: sha512-RosxFpiabojs75IwQ316DGoDRmOqtiAj0tg8wCcbEu4CiLZBs/a9QNtHV7TUfDXmmlgqij/NqzKq/eLelyv9xA==}
    peerDependencies:
      react: ^16.11.0 || ^17.0.0 || ^18.0.0 || ^19.0.0

  throttleit@2.1.0:
    resolution: {integrity: sha512-nt6AMGKW1p/70DF/hGBdJB57B8Tspmbp5gfJ8ilhLnt7kkr2ye7hzD6NVG8GGErk2HWF34igrL2CXmNIkzKqKw==}
    engines: {node: '>=18'}

  typescript@5.7.3:
    resolution: {integrity: sha512-84MVSjMEHP+FQRPy3pX9sTVV/INIex71s9TL2Gm5FG/WG1SqXeKyZ0k7/blY/4FdOzI12CBy1vGc4og/eus0fw==}
    engines: {node: '>=14.17'}
    hasBin: true

  undici-types@6.20.0:
    resolution: {integrity: sha512-Ny6QZ2Nju20vw1SRHe3d9jVu6gJ+4e3+MMpqu7pqE5HT6WsTSlce++GQmK5UXS8mzV8DSYHrQH+Xrf2jVcuKNg==}

  use-sync-external-store@1.4.0:
    resolution: {integrity: sha512-9WXSPC5fMv61vaupRkCKCxsPxBocVnwakBEkMIHHpkTTg6icbJtg6jzgtLDm4bl3cSHAca52rYWih0k4K3PfHw==}
    peerDependencies:
      react: ^16.8.0 || ^17.0.0 || ^18.0.0 || ^19.0.0

  zod-to-json-schema@3.24.1:
    resolution: {integrity: sha512-3h08nf3Vw3Wl3PK+q3ow/lIil81IT2Oa7YpQyUUDsEWbXveMesdfK1xBd2RhCkynwZndAxixji/7SYJJowr62w==}
    peerDependencies:
      zod: ^3.24.1

  zod@3.24.2:
    resolution: {integrity: sha512-lY7CDW43ECgW9u1TcT3IoXHflywfVqDYze4waEz812jR/bZ8FHDsl7pFQoSZTz5N+2NqRXs8GBwnAwo3ZNxqhQ==}

snapshots:

  '@ai-sdk/provider-utils@2.1.9(zod@3.24.2)':
    dependencies:
      '@ai-sdk/provider': 1.0.8
      eventsource-parser: 3.0.0
      nanoid: 3.3.8
      secure-json-parse: 2.7.0
    optionalDependencies:
      zod: 3.24.2

  '@ai-sdk/provider@1.0.8':
    dependencies:
      json-schema: 0.4.0

  '@ai-sdk/react@1.1.17(react@19.0.0)(zod@3.24.2)':
    dependencies:
      '@ai-sdk/provider-utils': 2.1.9(zod@3.24.2)
      '@ai-sdk/ui-utils': 1.1.15(zod@3.24.2)
      swr: 2.3.2(react@19.0.0)
      throttleit: 2.1.0
    optionalDependencies:
      react: 19.0.0
      zod: 3.24.2

  '@ai-sdk/ui-utils@1.1.15(zod@3.24.2)':
    dependencies:
      '@ai-sdk/provider': 1.0.8
      '@ai-sdk/provider-utils': 2.1.9(zod@3.24.2)
      zod-to-json-schema: 3.24.1(zod@3.24.2)
    optionalDependencies:
      zod: 3.24.2

  '@opentelemetry/api@1.9.0': {}

  '@types/diff-match-patch@1.0.36': {}

  '@types/node@22.13.4':
    dependencies:
      undici-types: 6.20.0

  ai@4.1.42(react@19.0.0)(zod@3.24.2):
    dependencies:
      '@ai-sdk/provider': 1.0.8
      '@ai-sdk/provider-utils': 2.1.9(zod@3.24.2)
      '@ai-sdk/react': 1.1.17(react@19.0.0)(zod@3.24.2)
      '@ai-sdk/ui-utils': 1.1.15(zod@3.24.2)
      '@opentelemetry/api': 1.9.0
      jsondiffpatch: 0.6.0
    optionalDependencies:
      react: 19.0.0
      zod: 3.24.2

  chalk@5.4.1: {}

  dequal@2.0.3: {}

  diff-match-patch@1.0.5: {}

  eventsource-parser@3.0.0: {}

  json-schema@0.4.0: {}

  jsondiffpatch@0.6.0:
    dependencies:
      '@types/diff-match-patch': 1.0.36
      chalk: 5.4.1
      diff-match-patch: 1.0.5

  nanoid@3.3.8: {}

  ollama-ai-provider@1.2.0(zod@3.24.2):
    dependencies:
      '@ai-sdk/provider': 1.0.8
      '@ai-sdk/provider-utils': 2.1.9(zod@3.24.2)
      partial-json: 0.1.7
    optionalDependencies:
      zod: 3.24.2

  partial-json@0.1.7: {}

  react@19.0.0: {}

  secure-json-parse@2.7.0: {}

  swr@2.3.2(react@19.0.0):
    dependencies:
      dequal: 2.0.3
      react: 19.0.0
      use-sync-external-store: 1.4.0(react@19.0.0)

  throttleit@2.1.0: {}

  typescript@5.7.3: {}

  undici-types@6.20.0: {}

  use-sync-external-store@1.4.0(react@19.0.0):
    dependencies:
      react: 19.0.0

  zod-to-json-schema@3.24.1(zod@3.24.2):
    dependencies:
      zod: 3.24.2

  zod@3.24.2: {}
